// !$*UTF8*$!
{
	archiveVersion = 1;
	classes = {
	};
	objectVersion = 51;
	objects = {

/* Begin PBXBuildFile section */
		85ED6134470D938ED7C8F872 /* Pods_Consensus.framework in Frameworks */ = {isa = PBXBuildFile; fileRef = 3A01FBBFBF4237F8EA49A0BE /* Pods_Consensus.framework */; };
		AA47FDD3248184E000215775 /* TweetClassifier.mlmodel in Sources */ = {isa = PBXBuildFile; fileRef = AA47FDD2248184E000215775 /* TweetClassifier.mlmodel */; };
		AA4C2E61247C55B2006D2C93 /* SearchResultViewController.swift in Sources */ = {isa = PBXBuildFile; fileRef = AA4C2E60247C55B2006D2C93 /* SearchResultViewController.swift */; };
		AA5AA6B12481930C008C45D1 /* ThinkViewController.swift in Sources */ = {isa = PBXBuildFile; fileRef = AA5AA6B02481930C008C45D1 /* ThinkViewController.swift */; };
		AA639C6A2477493E00E2A85C /* SearchViewController.swift in Sources */ = {isa = PBXBuildFile; fileRef = AA639C692477493E00E2A85C /* SearchViewController.swift */; };
		AA66D90724720B76007278F0 /* LogInViewController.swift in Sources */ = {isa = PBXBuildFile; fileRef = AA66D90624720B76007278F0 /* LogInViewController.swift */; };
		AA66D9092472117D007278F0 /* SafariServices.framework in Frameworks */ = {isa = PBXBuildFile; fileRef = AA66D9082472117D007278F0 /* SafariServices.framework */; };
		AA66D90B24721465007278F0 /* Constants.swift in Sources */ = {isa = PBXBuildFile; fileRef = AA66D90A24721465007278F0 /* Constants.swift */; };
		AA66D91024721655007278F0 /* WelcomeViewController.swift in Sources */ = {isa = PBXBuildFile; fileRef = AA66D90F24721655007278F0 /* WelcomeViewController.swift */; };
		AA67114A24734E620020885E /* SwifteriOS.framework in Frameworks */ = {isa = PBXBuildFile; fileRef = AA67114124734E2A0020885E /* SwifteriOS.framework */; };
		AA67114B24734E620020885E /* SwifteriOS.framework in Embed Frameworks */ = {isa = PBXBuildFile; fileRef = AA67114124734E2A0020885E /* SwifteriOS.framework */; settings = {ATTRIBUTES = (CodeSignOnCopy, RemoveHeadersOnCopy, ); }; };
		AA671150247356320020885E /* TrendTableViewCell.swift in Sources */ = {isa = PBXBuildFile; fileRef = AA67114E247356320020885E /* TrendTableViewCell.swift */; };
		AA671151247356320020885E /* TrendTableViewCell.xib in Resources */ = {isa = PBXBuildFile; fileRef = AA67114F247356320020885E /* TrendTableViewCell.xib */; };
		AABF36CD2475E20C00C3FC8C /* TweetTableViewCell.swift in Sources */ = {isa = PBXBuildFile; fileRef = AABF36CB2475E20C00C3FC8C /* TweetTableViewCell.swift */; };
		AABF36CE2475E20C00C3FC8C /* TweetTableViewCell.xib in Resources */ = {isa = PBXBuildFile; fileRef = AABF36CC2475E20C00C3FC8C /* TweetTableViewCell.xib */; };
		AABF36D52475E59700C3FC8C /* TrendViewController.swift in Sources */ = {isa = PBXBuildFile; fileRef = AABF36D42475E59700C3FC8C /* TrendViewController.swift */; };
		AAC388C924708032007CD50C /* AppDelegate.swift in Sources */ = {isa = PBXBuildFile; fileRef = AAC388C824708032007CD50C /* AppDelegate.swift */; };
		AAC388CD24708032007CD50C /* FavoritesViewController.swift in Sources */ = {isa = PBXBuildFile; fileRef = AAC388CC24708032007CD50C /* FavoritesViewController.swift */; };
		AAC388D024708032007CD50C /* Main.storyboard in Resources */ = {isa = PBXBuildFile; fileRef = AAC388CE24708032007CD50C /* Main.storyboard */; };
		AAC388D224708033007CD50C /* Assets.xcassets in Resources */ = {isa = PBXBuildFile; fileRef = AAC388D124708033007CD50C /* Assets.xcassets */; };
		AAC388D524708033007CD50C /* LaunchScreen.storyboard in Resources */ = {isa = PBXBuildFile; fileRef = AAC388D324708033007CD50C /* LaunchScreen.storyboard */; };
/* End PBXBuildFile section */

/* Begin PBXContainerItemProxy section */
		AA67114024734E2A0020885E /* PBXContainerItemProxy */ = {
			isa = PBXContainerItemProxy;
			containerPortal = AA67113824734E2A0020885E /* Swifter.xcodeproj */;
			proxyType = 2;
			remoteGlobalIDString = 8B9F50EE1944A5AB00894629;
			remoteInfo = SwifteriOS;
		};
		AA67114224734E2A0020885E /* PBXContainerItemProxy */ = {
			isa = PBXContainerItemProxy;
			containerPortal = AA67113824734E2A0020885E /* Swifter.xcodeproj */;
			proxyType = 2;
			remoteGlobalIDString = 8B9F51131944A61D00894629;
			remoteInfo = SwifterMac;
		};
		AA67114424734E2A0020885E /* PBXContainerItemProxy */ = {
			isa = PBXContainerItemProxy;
			containerPortal = AA67113824734E2A0020885E /* Swifter.xcodeproj */;
			proxyType = 2;
			remoteGlobalIDString = 8B300C1F1944AA1A00993175;
			remoteInfo = SwifterDemoiOS;
		};
		AA67114624734E2A0020885E /* PBXContainerItemProxy */ = {
			isa = PBXContainerItemProxy;
			containerPortal = AA67113824734E2A0020885E /* Swifter.xcodeproj */;
			proxyType = 2;
			remoteGlobalIDString = 8B300C471944AECB00993175;
			remoteInfo = SwifterDemoMac;
		};
		AA67114824734E2A0020885E /* PBXContainerItemProxy */ = {
			isa = PBXContainerItemProxy;
			containerPortal = AA67113824734E2A0020885E /* Swifter.xcodeproj */;
			proxyType = 2;
			remoteGlobalIDString = F6B4D5751C7BAC4500E06514;
			remoteInfo = SwifterTests;
		};
/* End PBXContainerItemProxy section */

/* Begin PBXCopyFilesBuildPhase section */
		AA67114C24734E620020885E /* Embed Frameworks */ = {
			isa = PBXCopyFilesBuildPhase;
			buildActionMask = 2147483647;
			dstPath = "";
			dstSubfolderSpec = 10;
			files = (
				AA67114B24734E620020885E /* SwifteriOS.framework in Embed Frameworks */,
			);
			name = "Embed Frameworks";
			runOnlyForDeploymentPostprocessing = 0;
		};
/* End PBXCopyFilesBuildPhase section */

/* Begin PBXFileReference section */
		18F5C9C82D374B649FC6F991 /* Pods-Consensus.debug.xcconfig */ = {isa = PBXFileReference; includeInIndex = 1; lastKnownFileType = text.xcconfig; name = "Pods-Consensus.debug.xcconfig"; path = "Target Support Files/Pods-Consensus/Pods-Consensus.debug.xcconfig"; sourceTree = "<group>"; };
		3A01FBBFBF4237F8EA49A0BE /* Pods_Consensus.framework */ = {isa = PBXFileReference; explicitFileType = wrapper.framework; includeInIndex = 0; path = Pods_Consensus.framework; sourceTree = BUILT_PRODUCTS_DIR; };
		8E7B900610388206903170F8 /* Pods-Consensus.release.xcconfig */ = {isa = PBXFileReference; includeInIndex = 1; lastKnownFileType = text.xcconfig; name = "Pods-Consensus.release.xcconfig"; path = "Target Support Files/Pods-Consensus/Pods-Consensus.release.xcconfig"; sourceTree = "<group>"; };
		AA47FDD2248184E000215775 /* TweetClassifier.mlmodel */ = {isa = PBXFileReference; lastKnownFileType = file.mlmodel; path = TweetClassifier.mlmodel; sourceTree = "<group>"; };
		AA4C2E60247C55B2006D2C93 /* SearchResultViewController.swift */ = {isa = PBXFileReference; lastKnownFileType = sourcecode.swift; path = SearchResultViewController.swift; sourceTree = "<group>"; };
		AA5AA6B02481930C008C45D1 /* ThinkViewController.swift */ = {isa = PBXFileReference; lastKnownFileType = sourcecode.swift; path = ThinkViewController.swift; sourceTree = "<group>"; };
		AA639C692477493E00E2A85C /* SearchViewController.swift */ = {isa = PBXFileReference; lastKnownFileType = sourcecode.swift; path = SearchViewController.swift; sourceTree = "<group>"; };
		AA66D90624720B76007278F0 /* LogInViewController.swift */ = {isa = PBXFileReference; lastKnownFileType = sourcecode.swift; path = LogInViewController.swift; sourceTree = "<group>"; };
		AA66D9082472117D007278F0 /* SafariServices.framework */ = {isa = PBXFileReference; lastKnownFileType = wrapper.framework; name = SafariServices.framework; path = System/Library/Frameworks/SafariServices.framework; sourceTree = SDKROOT; };
		AA66D90A24721465007278F0 /* Constants.swift */ = {isa = PBXFileReference; lastKnownFileType = sourcecode.swift; path = Constants.swift; sourceTree = "<group>"; };
		AA66D90F24721655007278F0 /* WelcomeViewController.swift */ = {isa = PBXFileReference; lastKnownFileType = sourcecode.swift; path = WelcomeViewController.swift; sourceTree = "<group>"; };
		AA67113824734E2A0020885E /* Swifter.xcodeproj */ = {isa = PBXFileReference; lastKnownFileType = "wrapper.pb-project"; name = Swifter.xcodeproj; path = ../../../../Desktop/Swifter/Swifter.xcodeproj; sourceTree = "<group>"; };
		AA67114E247356320020885E /* TrendTableViewCell.swift */ = {isa = PBXFileReference; lastKnownFileType = sourcecode.swift; path = TrendTableViewCell.swift; sourceTree = "<group>"; };
		AA67114F247356320020885E /* TrendTableViewCell.xib */ = {isa = PBXFileReference; lastKnownFileType = file.xib; path = TrendTableViewCell.xib; sourceTree = "<group>"; };
		AABF36CB2475E20C00C3FC8C /* TweetTableViewCell.swift */ = {isa = PBXFileReference; lastKnownFileType = sourcecode.swift; path = TweetTableViewCell.swift; sourceTree = "<group>"; };
		AABF36CC2475E20C00C3FC8C /* TweetTableViewCell.xib */ = {isa = PBXFileReference; lastKnownFileType = file.xib; path = TweetTableViewCell.xib; sourceTree = "<group>"; };
		AABF36D42475E59700C3FC8C /* TrendViewController.swift */ = {isa = PBXFileReference; lastKnownFileType = sourcecode.swift; path = TrendViewController.swift; sourceTree = "<group>"; };
		AAC388C524708032007CD50C /* Konsensus.app */ = {isa = PBXFileReference; explicitFileType = wrapper.application; includeInIndex = 0; path = Konsensus.app; sourceTree = BUILT_PRODUCTS_DIR; };
		AAC388C824708032007CD50C /* AppDelegate.swift */ = {isa = PBXFileReference; lastKnownFileType = sourcecode.swift; path = AppDelegate.swift; sourceTree = "<group>"; };
		AAC388CC24708032007CD50C /* FavoritesViewController.swift */ = {isa = PBXFileReference; lastKnownFileType = sourcecode.swift; path = FavoritesViewController.swift; sourceTree = "<group>"; };
		AAC388CF24708032007CD50C /* Base */ = {isa = PBXFileReference; lastKnownFileType = file.storyboard; name = Base; path = Base.lproj/Main.storyboard; sourceTree = "<group>"; };
		AAC388D124708033007CD50C /* Assets.xcassets */ = {isa = PBXFileReference; lastKnownFileType = folder.assetcatalog; path = Assets.xcassets; sourceTree = "<group>"; };
		AAC388D424708033007CD50C /* Base */ = {isa = PBXFileReference; lastKnownFileType = file.storyboard; name = Base; path = Base.lproj/LaunchScreen.storyboard; sourceTree = "<group>"; };
		AAC388D624708033007CD50C /* Info.plist */ = {isa = PBXFileReference; lastKnownFileType = text.plist.xml; path = Info.plist; sourceTree = "<group>"; };
/* End PBXFileReference section */

/* Begin PBXFrameworksBuildPhase section */
		AAC388C224708032007CD50C /* Frameworks */ = {
			isa = PBXFrameworksBuildPhase;
			buildActionMask = 2147483647;
			files = (
				AA66D9092472117D007278F0 /* SafariServices.framework in Frameworks */,
				85ED6134470D938ED7C8F872 /* Pods_Consensus.framework in Frameworks */,
				AA67114A24734E620020885E /* SwifteriOS.framework in Frameworks */,
			);
			runOnlyForDeploymentPostprocessing = 0;
		};
/* End PBXFrameworksBuildPhase section */

/* Begin PBXGroup section */
		7094239B1998E9DA7A219BB7 /* Frameworks */ = {
			isa = PBXGroup;
			children = (
				AA66D9082472117D007278F0 /* SafariServices.framework */,
				3A01FBBFBF4237F8EA49A0BE /* Pods_Consensus.framework */,
			);
			name = Frameworks;
			sourceTree = "<group>";
		};
		AA66D90C24721470007278F0 /* Controllers */ = {
			isa = PBXGroup;
			children = (
				AAC388CC24708032007CD50C /* FavoritesViewController.swift */,
				AA66D90624720B76007278F0 /* LogInViewController.swift */,
				AA66D90F24721655007278F0 /* WelcomeViewController.swift */,
				AABF36D42475E59700C3FC8C /* TrendViewController.swift */,
				AA639C692477493E00E2A85C /* SearchViewController.swift */,
				AA4C2E60247C55B2006D2C93 /* SearchResultViewController.swift */,
				AA5AA6B02481930C008C45D1 /* ThinkViewController.swift */,
			);
			path = Controllers;
			sourceTree = "<group>";
		};
		AA66D90D2472147C007278F0 /* Views */ = {
			isa = PBXGroup;
			children = (
				AAC388CE24708032007CD50C /* Main.storyboard */,
				AA67114E247356320020885E /* TrendTableViewCell.swift */,
				AA67114F247356320020885E /* TrendTableViewCell.xib */,
				AABF36CB2475E20C00C3FC8C /* TweetTableViewCell.swift */,
				AABF36CC2475E20C00C3FC8C /* TweetTableViewCell.xib */,
			);
			path = Views;
			sourceTree = "<group>";
		};
		AA66D90E2472148D007278F0 /* Supporting Files */ = {
			isa = PBXGroup;
			children = (
				AAC388C824708032007CD50C /* AppDelegate.swift */,
				AAC388D124708033007CD50C /* Assets.xcassets */,
				AAC388D324708033007CD50C /* LaunchScreen.storyboard */,
				AA66D90A24721465007278F0 /* Constants.swift */,
			);
			path = "Supporting Files";
			sourceTree = "<group>";
		};
		AA67113924734E2A0020885E /* Products */ = {
			isa = PBXGroup;
			children = (
				AA67114124734E2A0020885E /* SwifteriOS.framework */,
				AA67114324734E2A0020885E /* SwifterMac.framework */,
				AA67114524734E2A0020885E /* SwifterDemoiOS.app */,
				AA67114724734E2A0020885E /* SwifterDemoMac.app */,
				AA67114924734E2A0020885E /* SwifterTests.xctest */,
			);
			name = Products;
			sourceTree = "<group>";
		};
		AAC388BC24708032007CD50C = {
			isa = PBXGroup;
			children = (
				AA67113824734E2A0020885E /* Swifter.xcodeproj */,
				AAC388C724708032007CD50C /* Consensus */,
				AAC388C624708032007CD50C /* Products */,
				EADA8BDB70D406D395914104 /* Pods */,
				7094239B1998E9DA7A219BB7 /* Frameworks */,
			);
			sourceTree = "<group>";
		};
		AAC388C624708032007CD50C /* Products */ = {
			isa = PBXGroup;
			children = (
				AAC388C524708032007CD50C /* Konsensus.app */,
			);
			name = Products;
			sourceTree = "<group>";
		};
		AAC388C724708032007CD50C /* Consensus */ = {
			isa = PBXGroup;
			children = (
				AA66D90C24721470007278F0 /* Controllers */,
				AA66D90D2472147C007278F0 /* Views */,
				AA66D90E2472148D007278F0 /* Supporting Files */,
				AAC388D624708033007CD50C /* Info.plist */,
				AA47FDD2248184E000215775 /* TweetClassifier.mlmodel */,
			);
			path = Consensus;
			sourceTree = "<group>";
		};
		EADA8BDB70D406D395914104 /* Pods */ = {
			isa = PBXGroup;
			children = (
				18F5C9C82D374B649FC6F991 /* Pods-Consensus.debug.xcconfig */,
				8E7B900610388206903170F8 /* Pods-Consensus.release.xcconfig */,
			);
			path = Pods;
			sourceTree = "<group>";
		};
/* End PBXGroup section */

/* Begin PBXNativeTarget section */
		AAC388C424708032007CD50C /* Consensus */ = {
			isa = PBXNativeTarget;
			buildConfigurationList = AAC388D924708033007CD50C /* Build configuration list for PBXNativeTarget "Consensus" */;
			buildPhases = (
				13DA19374E14E9B90906E8A6 /* [CP] Check Pods Manifest.lock */,
				AAC388C124708032007CD50C /* Sources */,
				AAC388C224708032007CD50C /* Frameworks */,
				AAC388C324708032007CD50C /* Resources */,
				0E8A1826CA587CB3E22934C7 /* [CP] Embed Pods Frameworks */,
				815250A74841BE51C9E689D8 /* [CP] Copy Pods Resources */,
				AA67114C24734E620020885E /* Embed Frameworks */,
				AA546DA424815FBE00E4C238 /* ShellScript */,
			);
			buildRules = (
			);
			dependencies = (
			);
			name = Consensus;
			productName = Consensus;
			productReference = AAC388C524708032007CD50C /* Konsensus.app */;
			productType = "com.apple.product-type.application";
		};
/* End PBXNativeTarget section */

/* Begin PBXProject section */
		AAC388BD24708032007CD50C /* Project object */ = {
			isa = PBXProject;
			attributes = {
				LastSwiftUpdateCheck = 1140;
				LastUpgradeCheck = 1140;
				ORGANIZATIONNAME = "Dylan Kuster";
				TargetAttributes = {
					AAC388C424708032007CD50C = {
						CreatedOnToolsVersion = 11.4.1;
					};
				};
			};
			buildConfigurationList = AAC388C024708032007CD50C /* Build configuration list for PBXProject "Consensus" */;
			compatibilityVersion = "Xcode 9.3";
			developmentRegion = en;
			hasScannedForEncodings = 0;
			knownRegions = (
				en,
				Base,
			);
			mainGroup = AAC388BC24708032007CD50C;
			productRefGroup = AAC388C624708032007CD50C /* Products */;
			projectDirPath = "";
			projectReferences = (
				{
					ProductGroup = AA67113924734E2A0020885E /* Products */;
					ProjectRef = AA67113824734E2A0020885E /* Swifter.xcodeproj */;
				},
			);
			projectRoot = "";
			targets = (
				AAC388C424708032007CD50C /* Consensus */,
			);
		};
/* End PBXProject section */

/* Begin PBXReferenceProxy section */
		AA67114124734E2A0020885E /* SwifteriOS.framework */ = {
			isa = PBXReferenceProxy;
			fileType = wrapper.framework;
			path = SwifteriOS.framework;
			remoteRef = AA67114024734E2A0020885E /* PBXContainerItemProxy */;
			sourceTree = BUILT_PRODUCTS_DIR;
		};
		AA67114324734E2A0020885E /* SwifterMac.framework */ = {
			isa = PBXReferenceProxy;
			fileType = wrapper.framework;
			path = SwifterMac.framework;
			remoteRef = AA67114224734E2A0020885E /* PBXContainerItemProxy */;
			sourceTree = BUILT_PRODUCTS_DIR;
		};
		AA67114524734E2A0020885E /* SwifterDemoiOS.app */ = {
			isa = PBXReferenceProxy;
			fileType = wrapper.application;
			path = SwifterDemoiOS.app;
			remoteRef = AA67114424734E2A0020885E /* PBXContainerItemProxy */;
			sourceTree = BUILT_PRODUCTS_DIR;
		};
		AA67114724734E2A0020885E /* SwifterDemoMac.app */ = {
			isa = PBXReferenceProxy;
			fileType = wrapper.application;
			path = SwifterDemoMac.app;
			remoteRef = AA67114624734E2A0020885E /* PBXContainerItemProxy */;
			sourceTree = BUILT_PRODUCTS_DIR;
		};
		AA67114924734E2A0020885E /* SwifterTests.xctest */ = {
			isa = PBXReferenceProxy;
			fileType = wrapper.cfbundle;
			path = SwifterTests.xctest;
			remoteRef = AA67114824734E2A0020885E /* PBXContainerItemProxy */;
			sourceTree = BUILT_PRODUCTS_DIR;
		};
/* End PBXReferenceProxy section */

/* Begin PBXResourcesBuildPhase section */
		AAC388C324708032007CD50C /* Resources */ = {
			isa = PBXResourcesBuildPhase;
			buildActionMask = 2147483647;
			files = (
				AABF36CE2475E20C00C3FC8C /* TweetTableViewCell.xib in Resources */,
				AAC388D524708033007CD50C /* LaunchScreen.storyboard in Resources */,
				AAC388D224708033007CD50C /* Assets.xcassets in Resources */,
				AAC388D024708032007CD50C /* Main.storyboard in Resources */,
				AA671151247356320020885E /* TrendTableViewCell.xib in Resources */,
			);
			runOnlyForDeploymentPostprocessing = 0;
		};
/* End PBXResourcesBuildPhase section */

/* Begin PBXShellScriptBuildPhase section */
		0E8A1826CA587CB3E22934C7 /* [CP] Embed Pods Frameworks */ = {
			isa = PBXShellScriptBuildPhase;
			buildActionMask = 2147483647;
			files = (
			);
			inputFileListPaths = (
				"${PODS_ROOT}/Target Support Files/Pods-Consensus/Pods-Consensus-frameworks-${CONFIGURATION}-input-files.xcfilelist",
			);
			name = "[CP] Embed Pods Frameworks";
			outputFileListPaths = (
				"${PODS_ROOT}/Target Support Files/Pods-Consensus/Pods-Consensus-frameworks-${CONFIGURATION}-output-files.xcfilelist",
			);
			runOnlyForDeploymentPostprocessing = 0;
			shellPath = /bin/sh;
			shellScript = "\"${PODS_ROOT}/Target Support Files/Pods-Consensus/Pods-Consensus-frameworks.sh\"\n";
			showEnvVarsInLog = 0;
		};
		13DA19374E14E9B90906E8A6 /* [CP] Check Pods Manifest.lock */ = {
			isa = PBXShellScriptBuildPhase;
			buildActionMask = 2147483647;
			files = (
			);
			inputFileListPaths = (
			);
			inputPaths = (
				"${PODS_PODFILE_DIR_PATH}/Podfile.lock",
				"${PODS_ROOT}/Manifest.lock",
			);
			name = "[CP] Check Pods Manifest.lock";
			outputFileListPaths = (
			);
			outputPaths = (
				"$(DERIVED_FILE_DIR)/Pods-Consensus-checkManifestLockResult.txt",
			);
			runOnlyForDeploymentPostprocessing = 0;
			shellPath = /bin/sh;
			shellScript = "diff \"${PODS_PODFILE_DIR_PATH}/Podfile.lock\" \"${PODS_ROOT}/Manifest.lock\" > /dev/null\nif [ $? != 0 ] ; then\n    # print error to STDERR\n    echo \"error: The sandbox is not in sync with the Podfile.lock. Run 'pod install' or update your CocoaPods installation.\" >&2\n    exit 1\nfi\n# This output is used by Xcode 'outputs' to avoid re-running this script phase.\necho \"SUCCESS\" > \"${SCRIPT_OUTPUT_FILE_0}\"\n";
			showEnvVarsInLog = 0;
		};
		815250A74841BE51C9E689D8 /* [CP] Copy Pods Resources */ = {
			isa = PBXShellScriptBuildPhase;
			buildActionMask = 2147483647;
			files = (
			);
			inputFileListPaths = (
				"${PODS_ROOT}/Target Support Files/Pods-Consensus/Pods-Consensus-resources-${CONFIGURATION}-input-files.xcfilelist",
			);
			name = "[CP] Copy Pods Resources";
			outputFileListPaths = (
				"${PODS_ROOT}/Target Support Files/Pods-Consensus/Pods-Consensus-resources-${CONFIGURATION}-output-files.xcfilelist",
			);
			runOnlyForDeploymentPostprocessing = 0;
			shellPath = /bin/sh;
			shellScript = "\"${PODS_ROOT}/Target Support Files/Pods-Consensus/Pods-Consensus-resources.sh\"\n";
			showEnvVarsInLog = 0;
		};
		AA546DA424815FBE00E4C238 /* ShellScript */ = {
			isa = PBXShellScriptBuildPhase;
			buildActionMask = 2147483647;
			files = (
			);
			inputFileListPaths = (
			);
			inputPaths = (
			);
			outputFileListPaths = (
			);
			outputPaths = (
			);
			runOnlyForDeploymentPostprocessing = 0;
			shellPath = /bin/sh;
			shellScript = "# Type a script or drag a script file from your workspace to insert its path.\nreadonly MODULEMAP=\"${PODS_ROOT}/TwitterCore/iOS/TwitterCore.framework/Modules/module.private.modulemap\"\nreadonly HEADER=\"${PODS_ROOT}/TwitterCore/iOS/TwitterCore.framework/Headers/TwitterCore.h\"\n\nif ! grep -q \"TwitterCore_Private\" \"${MODULEMAP}\"; then\ncat >\"${MODULEMAP}\" <<EOL\nmodule TwitterCore_Private {\n}\nEOL\nfi\n\nif ! grep -q \"TWTRColorUtil.h\" \"${HEADER}\"; then\ncat >>\"${HEADER}\" <<EOL\n#import \"TWTRColorUtil.h\"\nEOL\nfi\n";
		};
/* End PBXShellScriptBuildPhase section */

/* Begin PBXSourcesBuildPhase section */
		AAC388C124708032007CD50C /* Sources */ = {
			isa = PBXSourcesBuildPhase;
			buildActionMask = 2147483647;
			files = (
				AA639C6A2477493E00E2A85C /* SearchViewController.swift in Sources */,
				AABF36D52475E59700C3FC8C /* TrendViewController.swift in Sources */,
				AAC388CD24708032007CD50C /* FavoritesViewController.swift in Sources */,
				AA66D91024721655007278F0 /* WelcomeViewController.swift in Sources */,
				AAC388C924708032007CD50C /* AppDelegate.swift in Sources */,
				AA66D90724720B76007278F0 /* LogInViewController.swift in Sources */,
				AA66D90B24721465007278F0 /* Constants.swift in Sources */,
				AA4C2E61247C55B2006D2C93 /* SearchResultViewController.swift in Sources */,
				AA671150247356320020885E /* TrendTableViewCell.swift in Sources */,
				AA5AA6B12481930C008C45D1 /* ThinkViewController.swift in Sources */,
				AA47FDD3248184E000215775 /* TweetClassifier.mlmodel in Sources */,
				AABF36CD2475E20C00C3FC8C /* TweetTableViewCell.swift in Sources */,
			);
			runOnlyForDeploymentPostprocessing = 0;
		};
/* End PBXSourcesBuildPhase section */

/* Begin PBXVariantGroup section */
		AAC388CE24708032007CD50C /* Main.storyboard */ = {
			isa = PBXVariantGroup;
			children = (
				AAC388CF24708032007CD50C /* Base */,
			);
			name = Main.storyboard;
			sourceTree = "<group>";
		};
		AAC388D324708033007CD50C /* LaunchScreen.storyboard */ = {
			isa = PBXVariantGroup;
			children = (
				AAC388D424708033007CD50C /* Base */,
			);
			name = LaunchScreen.storyboard;
			sourceTree = "<group>";
		};
/* End PBXVariantGroup section */

/* Begin XCBuildConfiguration section */
		AAC388D724708033007CD50C /* Debug */ = {
			isa = XCBuildConfiguration;
			buildSettings = {
				ALWAYS_SEARCH_USER_PATHS = NO;
				CLANG_ANALYZER_NONNULL = YES;
				CLANG_ANALYZER_NUMBER_OBJECT_CONVERSION = YES_AGGRESSIVE;
				CLANG_CXX_LANGUAGE_STANDARD = "gnu++14";
				CLANG_CXX_LIBRARY = "libc++";
				CLANG_ENABLE_MODULES = YES;
				CLANG_ENABLE_OBJC_ARC = YES;
				CLANG_ENABLE_OBJC_WEAK = YES;
				CLANG_WARN_BLOCK_CAPTURE_AUTORELEASING = YES;
				CLANG_WARN_BOOL_CONVERSION = YES;
				CLANG_WARN_COMMA = YES;
				CLANG_WARN_CONSTANT_CONVERSION = YES;
				CLANG_WARN_DEPRECATED_OBJC_IMPLEMENTATIONS = YES;
				CLANG_WARN_DIRECT_OBJC_ISA_USAGE = YES_ERROR;
				CLANG_WARN_DOCUMENTATION_COMMENTS = YES;
				CLANG_WARN_EMPTY_BODY = YES;
				CLANG_WARN_ENUM_CONVERSION = YES;
				CLANG_WARN_INFINITE_RECURSION = YES;
				CLANG_WARN_INT_CONVERSION = YES;
				CLANG_WARN_NON_LITERAL_NULL_CONVERSION = YES;
				CLANG_WARN_OBJC_IMPLICIT_RETAIN_SELF = YES;
				CLANG_WARN_OBJC_LITERAL_CONVERSION = YES;
				CLANG_WARN_OBJC_ROOT_CLASS = YES_ERROR;
				CLANG_WARN_RANGE_LOOP_ANALYSIS = YES;
				CLANG_WARN_STRICT_PROTOTYPES = YES;
				CLANG_WARN_SUSPICIOUS_MOVE = YES;
				CLANG_WARN_UNGUARDED_AVAILABILITY = YES_AGGRESSIVE;
				CLANG_WARN_UNREACHABLE_CODE = YES;
				CLANG_WARN__DUPLICATE_METHOD_MATCH = YES;
				COPY_PHASE_STRIP = NO;
				DEBUG_INFORMATION_FORMAT = dwarf;
				ENABLE_STRICT_OBJC_MSGSEND = YES;
				ENABLE_TESTABILITY = YES;
				GCC_C_LANGUAGE_STANDARD = gnu11;
				GCC_DYNAMIC_NO_PIC = NO;
				GCC_NO_COMMON_BLOCKS = YES;
				GCC_OPTIMIZATION_LEVEL = 0;
				GCC_PREPROCESSOR_DEFINITIONS = (
					"DEBUG=1",
					"$(inherited)",
				);
				GCC_WARN_64_TO_32_BIT_CONVERSION = YES;
				GCC_WARN_ABOUT_RETURN_TYPE = YES_ERROR;
				GCC_WARN_UNDECLARED_SELECTOR = YES;
				GCC_WARN_UNINITIALIZED_AUTOS = YES_AGGRESSIVE;
				GCC_WARN_UNUSED_FUNCTION = YES;
				GCC_WARN_UNUSED_VARIABLE = YES;
				IPHONEOS_DEPLOYMENT_TARGET = 13.4;
				MTL_ENABLE_DEBUG_INFO = INCLUDE_SOURCE;
				MTL_FAST_MATH = YES;
				ONLY_ACTIVE_ARCH = YES;
				SDKROOT = iphoneos;
				SWIFT_ACTIVE_COMPILATION_CONDITIONS = DEBUG;
				SWIFT_OPTIMIZATION_LEVEL = "-Onone";
			};
			name = Debug;
		};
		AAC388D824708033007CD50C /* Release */ = {
			isa = XCBuildConfiguration;
			buildSettings = {
				ALWAYS_SEARCH_USER_PATHS = NO;
				CLANG_ANALYZER_NONNULL = YES;
				CLANG_ANALYZER_NUMBER_OBJECT_CONVERSION = YES_AGGRESSIVE;
				CLANG_CXX_LANGUAGE_STANDARD = "gnu++14";
				CLANG_CXX_LIBRARY = "libc++";
				CLANG_ENABLE_MODULES = YES;
				CLANG_ENABLE_OBJC_ARC = YES;
				CLANG_ENABLE_OBJC_WEAK = YES;
				CLANG_WARN_BLOCK_CAPTURE_AUTORELEASING = YES;
				CLANG_WARN_BOOL_CONVERSION = YES;
				CLANG_WARN_COMMA = YES;
				CLANG_WARN_CONSTANT_CONVERSION = YES;
				CLANG_WARN_DEPRECATED_OBJC_IMPLEMENTATIONS = YES;
				CLANG_WARN_DIRECT_OBJC_ISA_USAGE = YES_ERROR;
				CLANG_WARN_DOCUMENTATION_COMMENTS = YES;
				CLANG_WARN_EMPTY_BODY = YES;
				CLANG_WARN_ENUM_CONVERSION = YES;
				CLANG_WARN_INFINITE_RECURSION = YES;
				CLANG_WARN_INT_CONVERSION = YES;
				CLANG_WARN_NON_LITERAL_NULL_CONVERSION = YES;
				CLANG_WARN_OBJC_IMPLICIT_RETAIN_SELF = YES;
				CLANG_WARN_OBJC_LITERAL_CONVERSION = YES;
				CLANG_WARN_OBJC_ROOT_CLASS = YES_ERROR;
				CLANG_WARN_RANGE_LOOP_ANALYSIS = YES;
				CLANG_WARN_STRICT_PROTOTYPES = YES;
				CLANG_WARN_SUSPICIOUS_MOVE = YES;
				CLANG_WARN_UNGUARDED_AVAILABILITY = YES_AGGRESSIVE;
				CLANG_WARN_UNREACHABLE_CODE = YES;
				CLANG_WARN__DUPLICATE_METHOD_MATCH = YES;
				COPY_PHASE_STRIP = NO;
				DEBUG_INFORMATION_FORMAT = "dwarf-with-dsym";
				ENABLE_NS_ASSERTIONS = NO;
				ENABLE_STRICT_OBJC_MSGSEND = YES;
				GCC_C_LANGUAGE_STANDARD = gnu11;
				GCC_NO_COMMON_BLOCKS = YES;
				GCC_WARN_64_TO_32_BIT_CONVERSION = YES;
				GCC_WARN_ABOUT_RETURN_TYPE = YES_ERROR;
				GCC_WARN_UNDECLARED_SELECTOR = YES;
				GCC_WARN_UNINITIALIZED_AUTOS = YES_AGGRESSIVE;
				GCC_WARN_UNUSED_FUNCTION = YES;
				GCC_WARN_UNUSED_VARIABLE = YES;
				IPHONEOS_DEPLOYMENT_TARGET = 13.4;
				MTL_ENABLE_DEBUG_INFO = NO;
				MTL_FAST_MATH = YES;
				SDKROOT = iphoneos;
				SWIFT_COMPILATION_MODE = wholemodule;
				SWIFT_OPTIMIZATION_LEVEL = "-O";
				VALIDATE_PRODUCT = YES;
			};
			name = Release;
		};
		AAC388DA24708033007CD50C /* Debug */ = {
			isa = XCBuildConfiguration;
			baseConfigurationReference = 18F5C9C82D374B649FC6F991 /* Pods-Consensus.debug.xcconfig */;
			buildSettings = {
				ASSETCATALOG_COMPILER_APPICON_NAME = AppIcon;
				CODE_SIGN_STYLE = Automatic;
				DEVELOPMENT_TEAM = 2GDFC79M88;
				INFOPLIST_FILE = Consensus/Info.plist;
				IPHONEOS_DEPLOYMENT_TARGET = 13.0;
				LD_RUNPATH_SEARCH_PATHS = (
					"$(inherited)",
					"@executable_path/Frameworks",
				);
				MARKETING_VERSION = 1.05;
				PRODUCT_BUNDLE_IDENTIFIER = com.DylanKuster.Konsensus;
				PRODUCT_NAME = Konsensus;
				SWIFT_VERSION = 5.0;
				TARGETED_DEVICE_FAMILY = 1;
			};
			name = Debug;
		};
		AAC388DB24708033007CD50C /* Release */ = {
			isa = XCBuildConfiguration;
			baseConfigurationReference = 8E7B900610388206903170F8 /* Pods-Consensus.release.xcconfig */;
			buildSettings = {
				ASSETCATALOG_COMPILER_APPICON_NAME = AppIcon;
				CODE_SIGN_STYLE = Automatic;
				DEVELOPMENT_TEAM = 2GDFC79M88;
				INFOPLIST_FILE = Consensus/Info.plist;
				IPHONEOS_DEPLOYMENT_TARGET = 13.0;
				LD_RUNPATH_SEARCH_PATHS = (
					"$(inherited)",
					"@executable_path/Frameworks",
				);
				MARKETING_VERSION = 1.05;
				PRODUCT_BUNDLE_IDENTIFIER = com.DylanKuster.Konsensus;
				PRODUCT_NAME = Konsensus;
				SWIFT_VERSION = 5.0;
				TARGETED_DEVICE_FAMILY = 1;
			};
			name = Release;
		};
/* End XCBuildConfiguration section */

/* Begin XCConfigurationList section */
		AAC388C024708032007CD50C /* Build configuration list for PBXProject "Consensus" */ = {
			isa = XCConfigurationList;
			buildConfigurations = (
				AAC388D724708033007CD50C /* Debug */,
				AAC388D824708033007CD50C /* Release */,
			);
			defaultConfigurationIsVisible = 0;
			defaultConfigurationName = Release;
		};
		AAC388D924708033007CD50C /* Build configuration list for PBXNativeTarget "Consensus" */ = {
			isa = XCConfigurationList;
			buildConfigurations = (
				AAC388DA24708033007CD50C /* Debug */,
				AAC388DB24708033007CD50C /* Release */,
			);
			defaultConfigurationIsVisible = 0;
			defaultConfigurationName = Release;
		};
/* End XCConfigurationList section */
	};
	rootObject = AAC388BD24708032007CD50C /* Project object */;
}
